
Microsoft Visual Studio Solution File, Format Version 12.00
# Visual Studio Version 17
VisualStudioVersion = 17.14.36301.6
MinimumVisualStudioVersion = 10.0.40219.1
Project("{2150E333-8FDC-42A3-9474-1A3956D46DE8}") = "Services", "Services", "{02EA681E-C7D8-13C7-8484-4AC65E1B71E8}"
EndProject
Project("{2150E333-8FDC-42A3-9474-1A3956D46DE8}") = "Catalog", "Catalog", "{CA279698-4C30-4915-B850-665C0437CC72}"
EndProject
Project("{FAE04EC0-301F-11D3-BF4B-00C04F79EFBC}") = "Catalog.API", "Services\Catalog\Catalog.API\Catalog.API.csproj", "{70AABD02-8308-40FC-9770-12B3071D5FB4}"
EndProject
Project("{2150E333-8FDC-42A3-9474-1A3956D46DE8}") = "BuildingBlocks", "BuildingBlocks", "{35C5A4C8-3025-4F7D-8EB7-792A7AA258FA}"
EndProject
Project("{FAE04EC0-301F-11D3-BF4B-00C04F79EFBC}") = "BuildingBlocks", "BuildingBlocks\BuildingBlocks\BuildingBlocks.csproj", "{FAC887C1-70CE-4FE0-B2E3-7D5BB7620642}"
EndProject
Project("{E53339B2-1760-4266-BCC7-CA923CBCF16C}") = "docker-compose", "docker-compose.dcproj", "{81DDED9D-158B-E303-5F62-77A2896D2A5A}"
EndProject
Global
	GlobalSection(SolutionConfigurationPlatforms) = preSolution
		Debug|Any CPU = Debug|Any CPU
		Release|Any CPU = Release|Any CPU
	EndGlobalSection
	GlobalSection(ProjectConfigurationPlatforms) = postSolution
		{70AABD02-8308-40FC-9770-12B3071D5FB4}.Debug|Any CPU.ActiveCfg = Debug|Any CPU
		{70AABD02-8308-40FC-9770-12B3071D5FB4}.Debug|Any CPU.Build.0 = Debug|Any CPU
		{70AABD02-8308-40FC-9770-12B3071D5FB4}.Release|Any CPU.ActiveCfg = Release|Any CPU
		{70AABD02-8308-40FC-9770-12B3071D5FB4}.Release|Any CPU.Build.0 = Release|Any CPU
		{FAC887C1-70CE-4FE0-B2E3-7D5BB7620642}.Debug|Any CPU.ActiveCfg = Debug|Any CPU
		{FAC887C1-70CE-4FE0-B2E3-7D5BB7620642}.Debug|Any CPU.Build.0 = Debug|Any CPU
		{FAC887C1-70CE-4FE0-B2E3-7D5BB7620642}.Release|Any CPU.ActiveCfg = Release|Any CPU
		{FAC887C1-70CE-4FE0-B2E3-7D5BB7620642}.Release|Any CPU.Build.0 = Release|Any CPU
		{81DDED9D-158B-E303-5F62-77A2896D2A5A}.Debug|Any CPU.ActiveCfg = Debug|Any CPU
		{81DDED9D-158B-E303-5F62-77A2896D2A5A}.Debug|Any CPU.Build.0 = Debug|Any CPU
		{81DDED9D-158B-E303-5F62-77A2896D2A5A}.Release|Any CPU.ActiveCfg = Release|Any CPU
		{81DDED9D-158B-E303-5F62-77A2896D2A5A}.Release|Any CPU.Build.0 = Release|Any CPU
	EndGlobalSection
	GlobalSection(SolutionProperties) = preSolution
		HideSolutionNode = FALSE
	EndGlobalSection
	GlobalSection(NestedProjects) = preSolution
		{CA279698-4C30-4915-B850-665C0437CC72} = {02EA681E-C7D8-13C7-8484-4AC65E1B71E8}
		{70AABD02-8308-40FC-9770-12B3071D5FB4} = {CA279698-4C30-4915-B850-665C0437CC72}
		{FAC887C1-70CE-4FE0-B2E3-7D5BB7620642} = {35C5A4C8-3025-4F7D-8EB7-792A7AA258FA}
	EndGlobalSection
	GlobalSection(ExtensibilityGlobals) = postSolution
		SolutionGuid = {9E8B9607-DEA8-451F-B294-758AE6838CF5}
	EndGlobalSection
EndGlobal
