
Microsoft Visual Studio Solution File, Format Version 12.00
# Visual Studio Version 17
VisualStudioVersion = 17.14.36301.6
MinimumVisualStudioVersion = 10.0.40219.1
Project("{2150E333-8FDC-42A3-9474-1A3956D46DE8}") = "Services", "Services", "{02EA681E-C7D8-13C7-8484-4AC65E1B71E8}"
EndProject
Project("{2150E333-8FDC-42A3-9474-1A3956D46DE8}") = "Catalog", "Catalog", "{CA279698-4C30-4915-B850-665C0437CC72}"
EndProject
Project("{FAE04EC0-301F-11D3-BF4B-00C04F79EFBC}") = "Catalog.API", "Services\Catalog\Catalog.API\Catalog.API.csproj", "{70AABD02-8308-40FC-9770-12B3071D5FB4}"
EndProject
Project("{2150E333-8FDC-42A3-9474-1A3956D46DE8}") = "BuildingBlocks", "BuildingBlocks", "{35C5A4C8-3025-4F7D-8EB7-792A7AA258FA}"
EndProject
Project("{FAE04EC0-301F-11D3-BF4B-00C04F79EFBC}") = "BuildingBlocks", "BuildingBlocks\BuildingBlocks\BuildingBlocks.csproj", "{FAC887C1-70CE-4FE0-B2E3-7D5BB7620642}"
EndProject
Project("{E53339B2-1760-4266-BCC7-CA923CBCF16C}") = "docker-compose", "docker-compose.dcproj", "{81DDED9D-158B-E303-5F62-77A2896D2A5A}"
EndProject
Project("{2150E333-8FDC-42A3-9474-1A3956D46DE8}") = "Basket", "Basket", "{0C818DC6-3ADE-4F0A-B96B-48A5DD3C6882}"
EndProject
Project("{FAE04EC0-301F-11D3-BF4B-00C04F79EFBC}") = "Basket.API", "Services\Basket\Basket.API\Basket.API.csproj", "{BF3F111C-5082-428F-8A42-D7041B1D7603}"
EndProject
Project("{2150E333-8FDC-42A3-9474-1A3956D46DE8}") = "Discount", "Discount", "{38D31377-8415-481E-AEB0-CD8B1B56C42B}"
EndProject
Project("{FAE04EC0-301F-11D3-BF4B-00C04F79EFBC}") = "Discount.Grpc", "Services\Discount\Discount.Grpc\Discount.Grpc.csproj", "{E25EACB9-F865-4481-B7C2-51BD2A660F75}"
EndProject
Project("{2150E333-8FDC-42A3-9474-1A3956D46DE8}") = "Ordening", "Ordening", "{9DFF2FA1-1FDA-4C21-9380-CB6F8F1B2E03}"
EndProject
Project("{FAE04EC0-301F-11D3-BF4B-00C04F79EFBC}") = "Ordening.API", "Services\Ordening\Ordening.API\Ordening.API.csproj", "{65112894-8362-4D21-BF1F-968618BB48A4}"
EndProject
Project("{FAE04EC0-301F-11D3-BF4B-00C04F79EFBC}") = "Ordening.Domain", "Services\Ordening\Ordening.Domain\Ordening.Domain.csproj", "{910EBAC5-D9B0-4A55-8703-234E2BDA9CDB}"
EndProject
Project("{FAE04EC0-301F-11D3-BF4B-00C04F79EFBC}") = "Ordening.Application", "Services\Ordening\OrdeningApplication\Ordening.Application.csproj", "{E1B444AD-EF32-4615-909F-0F2E517F7B40}"
EndProject
Project("{FAE04EC0-301F-11D3-BF4B-00C04F79EFBC}") = "Ordening.Infrastructure", "Services\Ordening\Ordening.Infrastructure\Ordening.Infrastructure.csproj", "{826F5139-56B7-47C5-9405-EF15F7990AFA}"
EndProject
Project("{FAE04EC0-301F-11D3-BF4B-00C04F79EFBC}") = "BuildingBlocks.Messaging", "BuildingBlocks\BuildingBlocks.Messaging\BuildingBlocks.Messaging.csproj", "{451009BA-E305-4580-8072-490F06379B8F}"
EndProject
Project("{2150E333-8FDC-42A3-9474-1A3956D46DE8}") = "ApiGateways", "ApiGateways", "{895ECEE5-C125-413E-B6FE-EB3A3D708457}"
EndProject
Project("{FAE04EC0-301F-11D3-BF4B-00C04F79EFBC}") = "YarpApiGateway", "ApiGateways\YarpApiGateway\YarpApiGateway.csproj", "{846E0C90-70A5-4CB4-A6C4-244F40286EF1}"
EndProject
Project("{2150E333-8FDC-42A3-9474-1A3956D46DE8}") = "WebApps", "WebApps", "{0C77F79E-B038-4C6F-A77E-56FBF913EDF6}"
EndProject
Project("{FAE04EC0-301F-11D3-BF4B-00C04F79EFBC}") = "Shopping.Web", "WebApps\Shopping.Web\Shopping.Web.csproj", "{4064EEFC-576F-47E4-B8B3-06B7CF2D77B5}"
EndProject
Project("{2150E333-8FDC-42A3-9474-1A3956D46DE8}") = "Security", "Security", "{74570ACC-E520-4E80-96D4-453342BAF43C}"
EndProject
Project("{FAE04EC0-301F-11D3-BF4B-00C04F79EFBC}") = "Security.API", "Security.API\Security.API.csproj", "{710F76CD-F4CC-4649-A347-51D89718FCFB}"
EndProject
Project("{FAE04EC0-301F-11D3-BF4B-00C04F79EFBC}") = "Security.Application", "Security\Security.Application\Security.Application.csproj", "{1C670AC7-F49F-4790-8ADF-D062C846E94E}"
EndProject
Project("{FAE04EC0-301F-11D3-BF4B-00C04F79EFBC}") = "Security.Domain", "Security\Security.Domain\Security.Domain.csproj", "{7ECD7730-6894-48C2-93F2-695D3897E452}"
EndProject
Project("{FAE04EC0-301F-11D3-BF4B-00C04F79EFBC}") = "Security.Infrastructure", "Security\Security.Infrastructure\Security.Infrastructure.csproj", "{B5713A62-C650-4D60-AB94-8338FC8C5D70}"
EndProject
Global
	GlobalSection(SolutionConfigurationPlatforms) = preSolution
		Debug|Any CPU = Debug|Any CPU
		Release|Any CPU = Release|Any CPU
	EndGlobalSection
	GlobalSection(ProjectConfigurationPlatforms) = postSolution
		{70AABD02-8308-40FC-9770-12B3071D5FB4}.Debug|Any CPU.ActiveCfg = Debug|Any CPU
		{70AABD02-8308-40FC-9770-12B3071D5FB4}.Debug|Any CPU.Build.0 = Debug|Any CPU
		{70AABD02-8308-40FC-9770-12B3071D5FB4}.Release|Any CPU.ActiveCfg = Release|Any CPU
		{70AABD02-8308-40FC-9770-12B3071D5FB4}.Release|Any CPU.Build.0 = Release|Any CPU
		{FAC887C1-70CE-4FE0-B2E3-7D5BB7620642}.Debug|Any CPU.ActiveCfg = Debug|Any CPU
		{FAC887C1-70CE-4FE0-B2E3-7D5BB7620642}.Debug|Any CPU.Build.0 = Debug|Any CPU
		{FAC887C1-70CE-4FE0-B2E3-7D5BB7620642}.Release|Any CPU.ActiveCfg = Release|Any CPU
		{FAC887C1-70CE-4FE0-B2E3-7D5BB7620642}.Release|Any CPU.Build.0 = Release|Any CPU
		{81DDED9D-158B-E303-5F62-77A2896D2A5A}.Debug|Any CPU.ActiveCfg = Debug|Any CPU
		{81DDED9D-158B-E303-5F62-77A2896D2A5A}.Debug|Any CPU.Build.0 = Debug|Any CPU
		{81DDED9D-158B-E303-5F62-77A2896D2A5A}.Release|Any CPU.ActiveCfg = Release|Any CPU
		{81DDED9D-158B-E303-5F62-77A2896D2A5A}.Release|Any CPU.Build.0 = Release|Any CPU
		{BF3F111C-5082-428F-8A42-D7041B1D7603}.Debug|Any CPU.ActiveCfg = Debug|Any CPU
		{BF3F111C-5082-428F-8A42-D7041B1D7603}.Debug|Any CPU.Build.0 = Debug|Any CPU
		{BF3F111C-5082-428F-8A42-D7041B1D7603}.Release|Any CPU.ActiveCfg = Release|Any CPU
		{BF3F111C-5082-428F-8A42-D7041B1D7603}.Release|Any CPU.Build.0 = Release|Any CPU
		{E25EACB9-F865-4481-B7C2-51BD2A660F75}.Debug|Any CPU.ActiveCfg = Debug|Any CPU
		{E25EACB9-F865-4481-B7C2-51BD2A660F75}.Debug|Any CPU.Build.0 = Debug|Any CPU
		{E25EACB9-F865-4481-B7C2-51BD2A660F75}.Release|Any CPU.ActiveCfg = Release|Any CPU
		{E25EACB9-F865-4481-B7C2-51BD2A660F75}.Release|Any CPU.Build.0 = Release|Any CPU
		{65112894-8362-4D21-BF1F-968618BB48A4}.Debug|Any CPU.ActiveCfg = Debug|Any CPU
		{65112894-8362-4D21-BF1F-968618BB48A4}.Debug|Any CPU.Build.0 = Debug|Any CPU
		{65112894-8362-4D21-BF1F-968618BB48A4}.Release|Any CPU.ActiveCfg = Release|Any CPU
		{65112894-8362-4D21-BF1F-968618BB48A4}.Release|Any CPU.Build.0 = Release|Any CPU
		{910EBAC5-D9B0-4A55-8703-234E2BDA9CDB}.Debug|Any CPU.ActiveCfg = Debug|Any CPU
		{910EBAC5-D9B0-4A55-8703-234E2BDA9CDB}.Debug|Any CPU.Build.0 = Debug|Any CPU
		{910EBAC5-D9B0-4A55-8703-234E2BDA9CDB}.Release|Any CPU.ActiveCfg = Release|Any CPU
		{910EBAC5-D9B0-4A55-8703-234E2BDA9CDB}.Release|Any CPU.Build.0 = Release|Any CPU
		{E1B444AD-EF32-4615-909F-0F2E517F7B40}.Debug|Any CPU.ActiveCfg = Debug|Any CPU
		{E1B444AD-EF32-4615-909F-0F2E517F7B40}.Debug|Any CPU.Build.0 = Debug|Any CPU
		{E1B444AD-EF32-4615-909F-0F2E517F7B40}.Release|Any CPU.ActiveCfg = Release|Any CPU
		{E1B444AD-EF32-4615-909F-0F2E517F7B40}.Release|Any CPU.Build.0 = Release|Any CPU
		{826F5139-56B7-47C5-9405-EF15F7990AFA}.Debug|Any CPU.ActiveCfg = Debug|Any CPU
		{826F5139-56B7-47C5-9405-EF15F7990AFA}.Debug|Any CPU.Build.0 = Debug|Any CPU
		{826F5139-56B7-47C5-9405-EF15F7990AFA}.Release|Any CPU.ActiveCfg = Release|Any CPU
		{826F5139-56B7-47C5-9405-EF15F7990AFA}.Release|Any CPU.Build.0 = Release|Any CPU
		{451009BA-E305-4580-8072-490F06379B8F}.Debug|Any CPU.ActiveCfg = Debug|Any CPU
		{451009BA-E305-4580-8072-490F06379B8F}.Debug|Any CPU.Build.0 = Debug|Any CPU
		{451009BA-E305-4580-8072-490F06379B8F}.Release|Any CPU.ActiveCfg = Release|Any CPU
		{451009BA-E305-4580-8072-490F06379B8F}.Release|Any CPU.Build.0 = Release|Any CPU
		{846E0C90-70A5-4CB4-A6C4-244F40286EF1}.Debug|Any CPU.ActiveCfg = Debug|Any CPU
		{846E0C90-70A5-4CB4-A6C4-244F40286EF1}.Debug|Any CPU.Build.0 = Debug|Any CPU
		{846E0C90-70A5-4CB4-A6C4-244F40286EF1}.Release|Any CPU.ActiveCfg = Release|Any CPU
		{846E0C90-70A5-4CB4-A6C4-244F40286EF1}.Release|Any CPU.Build.0 = Release|Any CPU
		{4064EEFC-576F-47E4-B8B3-06B7CF2D77B5}.Debug|Any CPU.ActiveCfg = Debug|Any CPU
		{4064EEFC-576F-47E4-B8B3-06B7CF2D77B5}.Debug|Any CPU.Build.0 = Debug|Any CPU
		{4064EEFC-576F-47E4-B8B3-06B7CF2D77B5}.Release|Any CPU.ActiveCfg = Release|Any CPU
		{4064EEFC-576F-47E4-B8B3-06B7CF2D77B5}.Release|Any CPU.Build.0 = Release|Any CPU
		{710F76CD-F4CC-4649-A347-51D89718FCFB}.Debug|Any CPU.ActiveCfg = Debug|Any CPU
		{710F76CD-F4CC-4649-A347-51D89718FCFB}.Debug|Any CPU.Build.0 = Debug|Any CPU
		{710F76CD-F4CC-4649-A347-51D89718FCFB}.Release|Any CPU.ActiveCfg = Release|Any CPU
		{710F76CD-F4CC-4649-A347-51D89718FCFB}.Release|Any CPU.Build.0 = Release|Any CPU
		{1C670AC7-F49F-4790-8ADF-D062C846E94E}.Debug|Any CPU.ActiveCfg = Debug|Any CPU
		{1C670AC7-F49F-4790-8ADF-D062C846E94E}.Debug|Any CPU.Build.0 = Debug|Any CPU
		{1C670AC7-F49F-4790-8ADF-D062C846E94E}.Release|Any CPU.ActiveCfg = Release|Any CPU
		{1C670AC7-F49F-4790-8ADF-D062C846E94E}.Release|Any CPU.Build.0 = Release|Any CPU
		{7ECD7730-6894-48C2-93F2-695D3897E452}.Debug|Any CPU.ActiveCfg = Debug|Any CPU
		{7ECD7730-6894-48C2-93F2-695D3897E452}.Debug|Any CPU.Build.0 = Debug|Any CPU
		{7ECD7730-6894-48C2-93F2-695D3897E452}.Release|Any CPU.ActiveCfg = Release|Any CPU
		{7ECD7730-6894-48C2-93F2-695D3897E452}.Release|Any CPU.Build.0 = Release|Any CPU
		{B5713A62-C650-4D60-AB94-8338FC8C5D70}.Debug|Any CPU.ActiveCfg = Debug|Any CPU
		{B5713A62-C650-4D60-AB94-8338FC8C5D70}.Debug|Any CPU.Build.0 = Debug|Any CPU
		{B5713A62-C650-4D60-AB94-8338FC8C5D70}.Release|Any CPU.ActiveCfg = Release|Any CPU
		{B5713A62-C650-4D60-AB94-8338FC8C5D70}.Release|Any CPU.Build.0 = Release|Any CPU
	EndGlobalSection
	GlobalSection(SolutionProperties) = preSolution
		HideSolutionNode = FALSE
	EndGlobalSection
	GlobalSection(NestedProjects) = preSolution
		{CA279698-4C30-4915-B850-665C0437CC72} = {02EA681E-C7D8-13C7-8484-4AC65E1B71E8}
		{70AABD02-8308-40FC-9770-12B3071D5FB4} = {CA279698-4C30-4915-B850-665C0437CC72}
		{FAC887C1-70CE-4FE0-B2E3-7D5BB7620642} = {35C5A4C8-3025-4F7D-8EB7-792A7AA258FA}
		{0C818DC6-3ADE-4F0A-B96B-48A5DD3C6882} = {02EA681E-C7D8-13C7-8484-4AC65E1B71E8}
		{BF3F111C-5082-428F-8A42-D7041B1D7603} = {0C818DC6-3ADE-4F0A-B96B-48A5DD3C6882}
		{38D31377-8415-481E-AEB0-CD8B1B56C42B} = {02EA681E-C7D8-13C7-8484-4AC65E1B71E8}
		{E25EACB9-F865-4481-B7C2-51BD2A660F75} = {38D31377-8415-481E-AEB0-CD8B1B56C42B}
		{9DFF2FA1-1FDA-4C21-9380-CB6F8F1B2E03} = {02EA681E-C7D8-13C7-8484-4AC65E1B71E8}
		{65112894-8362-4D21-BF1F-968618BB48A4} = {9DFF2FA1-1FDA-4C21-9380-CB6F8F1B2E03}
		{910EBAC5-D9B0-4A55-8703-234E2BDA9CDB} = {9DFF2FA1-1FDA-4C21-9380-CB6F8F1B2E03}
		{E1B444AD-EF32-4615-909F-0F2E517F7B40} = {9DFF2FA1-1FDA-4C21-9380-CB6F8F1B2E03}
		{826F5139-56B7-47C5-9405-EF15F7990AFA} = {9DFF2FA1-1FDA-4C21-9380-CB6F8F1B2E03}
		{451009BA-E305-4580-8072-490F06379B8F} = {35C5A4C8-3025-4F7D-8EB7-792A7AA258FA}
		{846E0C90-70A5-4CB4-A6C4-244F40286EF1} = {895ECEE5-C125-413E-B6FE-EB3A3D708457}
		{4064EEFC-576F-47E4-B8B3-06B7CF2D77B5} = {0C77F79E-B038-4C6F-A77E-56FBF913EDF6}
		{74570ACC-E520-4E80-96D4-453342BAF43C} = {02EA681E-C7D8-13C7-8484-4AC65E1B71E8}
		{710F76CD-F4CC-4649-A347-51D89718FCFB} = {74570ACC-E520-4E80-96D4-453342BAF43C}
		{1C670AC7-F49F-4790-8ADF-D062C846E94E} = {74570ACC-E520-4E80-96D4-453342BAF43C}
		{7ECD7730-6894-48C2-93F2-695D3897E452} = {74570ACC-E520-4E80-96D4-453342BAF43C}
		{B5713A62-C650-4D60-AB94-8338FC8C5D70} = {74570ACC-E520-4E80-96D4-453342BAF43C}
	EndGlobalSection
	GlobalSection(ExtensibilityGlobals) = postSolution
		SolutionGuid = {9E8B9607-DEA8-451F-B294-758AE6838CF5}
	EndGlobalSection
EndGlobal
